
Microsoft Visual Studio Solution File, Format Version 12.00
# Visual Studio Version 16
VisualStudioVersion = 16.0.30621.155
MinimumVisualStudioVersion = 10.0.40219.1
Project("{FAE04EC0-301F-11D3-BF4B-00C04F79EFBC}") = "Prototype_Character_Movement", "Prototype_Character_Movement\Prototype_Character_Movement.csproj", "{B3DC66BE-07A9-4FCD-B3E1-75E9AFAE75C0}"
EndProject
Global
	GlobalSection(SolutionConfigurationPlatforms) = preSolution
		Debug|Any CPU = Debug|Any CPU
		Release|Any CPU = Release|Any CPU
	EndGlobalSection
	GlobalSection(ProjectConfigurationPlatforms) = postSolution
		{B3DC66BE-07A9-4FCD-B3E1-75E9AFAE75C0}.Debug|Any CPU.ActiveCfg = Debug|Any CPU
		{B3DC66BE-07A9-4FCD-B3E1-75E9AFAE75C0}.Debug|Any CPU.Build.0 = Debug|Any CPU
		{B3DC66BE-07A9-4FCD-B3E1-75E9AFAE75C0}.Release|Any CPU.ActiveCfg = Release|Any CPU
		{B3DC66BE-07A9-4FCD-B3E1-75E9AFAE75C0}.Release|Any CPU.Build.0 = Release|Any CPU
	EndGlobalSection
	GlobalSection(SolutionProperties) = preSolution
		HideSolutionNode = FALSE
	EndGlobalSection
	GlobalSection(ExtensibilityGlobals) = postSolution
		SolutionGuid = {F23BC21C-AD96-4A25-8D3A-91C1B409E479}
	EndGlobalSection
EndGlobal
